
Microsoft Visual Studio Solution File, Format Version 12.00
# Visual Studio Version 16
VisualStudioVersion = 16.0.31205.134
MinimumVisualStudioVersion = 10.0.40219.1
Project("{FAE04EC0-301F-11D3-BF4B-00C04F79EFBC}") = "ZipTestBuiltIn", "ZipTestBuiltIn\ZipTestBuiltIn.csproj", "{537B7E91-462A-4255-B898-FBE4B7E35E96}"
EndProject
Global
	GlobalSection(SolutionConfigurationPlatforms) = preSolution
		Debug|Any CPU = Debug|Any CPU
		Release|Any CPU = Release|Any CPU
	EndGlobalSection
	GlobalSection(ProjectConfigurationPlatforms) = postSolution
		{537B7E91-462A-4255-B898-FBE4B7E35E96}.Debug|Any CPU.ActiveCfg = Debug|Any CPU
		{537B7E91-462A-4255-B898-FBE4B7E35E96}.Debug|Any CPU.Build.0 = Debug|Any CPU
		{537B7E91-462A-4255-B898-FBE4B7E35E96}.Release|Any CPU.ActiveCfg = Release|Any CPU
		{537B7E91-462A-4255-B898-FBE4B7E35E96}.Release|Any CPU.Build.0 = Release|Any CPU
	EndGlobalSection
	GlobalSection(SolutionProperties) = preSolution
		HideSolutionNode = FALSE
	EndGlobalSection
	GlobalSection(ExtensibilityGlobals) = postSolution
		SolutionGuid = {8749FEBC-9455-46BF-A961-7149B2407737}
	EndGlobalSection
EndGlobal
